go.etcd.io/bbolt v1.3.3 h1:MUGmc65QhB3pIlaQ5bB4LwqSj6GIonVJXpZiaKNyaKk=
go.etcd.io/bbolt v1.3.3/go.mod h1:IbVyRI1SCnLcuJnV2u8VeU0CEYM7e686BmAb1XKL+uU=
golang.org/x/sys v0.0.0-20200219091948-cb0a6d8edb6c h1:jceGD5YNJGgGMkJz79agzOln1K9TaZUjv5ird16qniQ=
golang.org/x/sys v0.0.0-20200219091948-cb0a6d8edb6c/go.mod h1:h1NjWce9XRLGQEsW7wpKNCjG9DtNlClVuFLEZdDNbEs=
